{
  "name": "expross",
  "version": "1.0.0",
  "lockfileVersion": 1,
  "requires": true,
  "dependencies": {
    "@hapi/address": {
      "version": "2.1.4",
      "resolved": "https://registry.npm.taobao.org/@hapi/address/download/@hapi/address-2.1.4.tgz",
      "integrity": "sha1-XWftQ/P9QaadS5/3tW58DR0KgeU=",
      "dev": true
    },
    "@hapi/boom": {
      "version": "9.0.0",
      "resolved": "https://registry.npm.taobao.org/@hapi/boom/download/@hapi/boom-9.0.0.tgz",
      "integrity": "sha1-KPnnfs8t6h/jqJgrnYgnqlE34zo=",
      "dev": true,
      "requires": {
        "@hapi/hoek": "9.x.x"
      },
      "dependencies": {
        "@hapi/hoek": {
          "version": "9.0.2",
          "resolved": "https://registry.npm.taobao.org/@hapi/hoek/download/@hapi/hoek-9.0.2.tgz",
          "integrity": "sha1-V1lwg/dj6vv9yQLRbshoqnh7JNI=",
          "dev": true
        }
      }
    },
    "@hapi/bourne": {
      "version": "1.3.2",
      "resolved": "https://registry.npm.taobao.org/@hapi/bourne/download/@hapi/bourne-1.3.2.tgz",
      "integrity": "sha1-CnCVreoGckPOMoPhtWuKj0U7JCo=",
      "dev": true
    },
    "@hapi/hoek": {
      "version": "8.5.0",
      "resolved": "https://registry.npm.taobao.org/@hapi/hoek/download/@hapi/hoek-8.5.0.tgz",
      "integrity": "sha1-L5zjAciJjhwySLCoVkaWsk0amlo=",
      "dev": true
    },
    "@hapi/joi": {
      "version": "15.1.1",
      "resolved": "https://registry.npm.taobao.org/@hapi/joi/download/@hapi/joi-15.1.1.tgz",
      "integrity": "sha1-xnW4pxKW8Cgz+NbSQ7NMV7jOGdc=",
      "dev": true,
      "requires": {
        "@hapi/address": "2.x.x",
        "@hapi/bourne": "1.x.x",
        "@hapi/hoek": "8.x.x",
        "@hapi/topo": "3.x.x"
      }
    },
    "@hapi/topo": {
      "version": "3.1.6",
      "resolved": "https://registry.npm.taobao.org/@hapi/topo/download/@hapi/topo-3.1.6.tgz",
      "integrity": "sha1-aNk1+j6uf91asNf5U/MgXYsr/Ck=",
      "dev": true,
      "requires": {
        "@hapi/hoek": "^8.3.0"
      }
    },
    "@hapi/wreck": {
      "version": "17.0.0",
      "resolved": "https://registry.npm.taobao.org/@hapi/wreck/download/@hapi/wreck-17.0.0.tgz",
      "integrity": "sha1-irDKKG6TfD96gvZ+S+Q0jIJLdDw=",
      "dev": true,
      "requires": {
        "@hapi/boom": "9.x.x",
        "@hapi/bourne": "2.x.x",
        "@hapi/hoek": "9.x.x"
      },
      "dependencies": {
        "@hapi/bourne": {
          "version": "2.0.0",
          "resolved": "https://registry.npm.taobao.org/@hapi/bourne/download/@hapi/bourne-2.0.0.tgz",
          "integrity": "sha1-W7IZPraFwAB1QMph0WbU4e2vkY0=",
          "dev": true
        },
        "@hapi/hoek": {
          "version": "9.0.2",
          "resolved": "https://registry.npm.taobao.org/@hapi/hoek/download/@hapi/hoek-9.0.2.tgz",
          "integrity": "sha1-V1lwg/dj6vv9yQLRbshoqnh7JNI=",
          "dev": true
        }
      }
    },
    "backoff": {
      "version": "2.5.0",
      "resolved": "https://registry.npm.taobao.org/backoff/download/backoff-2.5.0.tgz",
      "integrity": "sha1-9hbtqdPktmuMp/ynn2lXIsX44m8=",
      "dev": true,
      "requires": {
        "precond": "0.2"
      }
    },
    "core-util-is": {
      "version": "1.0.2",
      "resolved": "https://registry.npm.taobao.org/core-util-is/download/core-util-is-1.0.2.tgz",
      "integrity": "sha1-tf1UIgqivFq1eqtxQMlAdUUDwac=",
      "dev": true
    },
    "eraro": {
      "version": "2.1.0",
      "resolved": "https://registry.npm.taobao.org/eraro/download/eraro-2.1.0.tgz",
      "integrity": "sha1-HKOF+YeOMx8fEgIsu9b5n66jBRU=",
      "dev": true,
      "requires": {
        "lodash.template": "^4.5.0"
      }
    },
    "fast-safe-stringify": {
      "version": "2.0.7",
      "resolved": "https://registry.npm.taobao.org/fast-safe-stringify/download/fast-safe-stringify-2.0.7.tgz",
      "integrity": "sha1-EkqohYmSYfaK7bQqfAgN6dpgh0M=",
      "dev": true
    },
    "gate-executor": {
      "version": "2.1.0",
      "resolved": "https://registry.npm.taobao.org/gate-executor/download/gate-executor-2.1.0.tgz",
      "integrity": "sha1-VhUEZj6TUoHZccoVFiFbnJN5Rhw=",
      "dev": true
    },
    "gex": {
      "version": "1.0.0",
      "resolved": "https://registry.npm.taobao.org/gex/download/gex-1.0.0.tgz",
      "integrity": "sha1-maz+E96Zh+igvryPcqXvSRxa0jE=",
      "dev": true
    },
    "inherits": {
      "version": "2.0.4",
      "resolved": "https://registry.npm.taobao.org/inherits/download/inherits-2.0.4.tgz",
      "integrity": "sha1-D6LGT5MpF8NDOg3tVTY6rjdBa3w=",
      "dev": true
    },
    "isarray": {
      "version": "1.0.0",
      "resolved": "https://registry.npm.taobao.org/isarray/download/isarray-1.0.0.tgz",
      "integrity": "sha1-u5NdSFgsuhaMBoNJV6VKPgcSTxE=",
      "dev": true
    },
    "json-stringify-safe": {
      "version": "5.0.1",
      "resolved": "https://registry.npm.taobao.org/json-stringify-safe/download/json-stringify-safe-5.0.1.tgz",
      "integrity": "sha1-Epai1Y/UXxmg9s4B1lcB4sc1tus=",
      "dev": true
    },
    "jsonic": {
      "version": "0.3.1",
      "resolved": "https://registry.npm.taobao.org/jsonic/download/jsonic-0.3.1.tgz",
      "integrity": "sha1-2jBhhdxjW2Sa2TTj9oJhiMrXO9s=",
      "dev": true
    },
    "lodash": {
      "version": "4.17.15",
      "resolved": "https://registry.npm.taobao.org/lodash/download/lodash-4.17.15.tgz?cache=0&sync_timestamp=1577793955950&other_urls=https%3A%2F%2Fregistry.npm.taobao.org%2Flodash%2Fdownload%2Flodash-4.17.15.tgz",
      "integrity": "sha1-tEf2ZwoEVbv+7dETku/zMOoJdUg=",
      "dev": true
    },
    "lodash._reinterpolate": {
      "version": "3.0.0",
      "resolved": "https://registry.npm.taobao.org/lodash._reinterpolate/download/lodash._reinterpolate-3.0.0.tgz",
      "integrity": "sha1-DM8tiRZq8Ds2Y8eWU4t1rG4RTZ0=",
      "dev": true
    },
    "lodash.foreach": {
      "version": "4.5.0",
      "resolved": "https://registry.npm.taobao.org/lodash.foreach/download/lodash.foreach-4.5.0.tgz",
      "integrity": "sha1-Gmo16s5AEoDH8G3d7DUWWrJ+PlM=",
      "dev": true
    },
    "lodash.isarguments": {
      "version": "3.1.0",
      "resolved": "https://registry.npm.taobao.org/lodash.isarguments/download/lodash.isarguments-3.1.0.tgz",
      "integrity": "sha1-L1c9hcaiQon/AGY7SRwdM4/zRYo=",
      "dev": true
    },
    "lodash.isdate": {
      "version": "4.0.1",
      "resolved": "https://registry.npm.taobao.org/lodash.isdate/download/lodash.isdate-4.0.1.tgz",
      "integrity": "sha1-NaVDZzuddhEN5BFLMsxXcEin82Y=",
      "dev": true
    },
    "lodash.isnan": {
      "version": "3.0.2",
      "resolved": "https://registry.npm.taobao.org/lodash.isnan/download/lodash.isnan-3.0.2.tgz",
      "integrity": "sha1-gu0Epfnqi9YibQwmrwysMvRQd0U=",
      "dev": true
    },
    "lodash.isregexp": {
      "version": "4.0.1",
      "resolved": "https://registry.npm.taobao.org/lodash.isregexp/download/lodash.isregexp-4.0.1.tgz",
      "integrity": "sha1-4T5kezDNVZdSoEzZEghvr32hwws=",
      "dev": true
    },
    "lodash.omit": {
      "version": "4.5.0",
      "resolved": "https://registry.npm.taobao.org/lodash.omit/download/lodash.omit-4.5.0.tgz",
      "integrity": "sha1-brGa5aHuHdnfC5aeZs4Lf6MLXmA=",
      "dev": true
    },
    "lodash.template": {
      "version": "4.5.0",
      "resolved": "https://registry.npm.taobao.org/lodash.template/download/lodash.template-4.5.0.tgz",
      "integrity": "sha1-+XYZXPPzR9DV9SSDVp/oAxzM6Ks=",
      "dev": true,
      "requires": {
        "lodash._reinterpolate": "^3.0.0",
        "lodash.templatesettings": "^4.0.0"
      }
    },
    "lodash.templatesettings": {
      "version": "4.2.0",
      "resolved": "https://registry.npm.taobao.org/lodash.templatesettings/download/lodash.templatesettings-4.2.0.tgz",
      "integrity": "sha1-5IExDwSdPPbUfpEq0JMTsVTw+zM=",
      "dev": true,
      "requires": {
        "lodash._reinterpolate": "^3.0.0"
      }
    },
    "lru-cache": {
      "version": "5.1.1",
      "resolved": "https://registry.npm.taobao.org/lru-cache/download/lru-cache-5.1.1.tgz",
      "integrity": "sha1-HaJ+ZxAnGUdpXa9oSOhH8B2EuSA=",
      "dev": true,
      "requires": {
        "yallist": "^3.0.2"
      }
    },
    "minimist": {
      "version": "1.2.0",
      "resolved": "https://registry.npm.taobao.org/minimist/download/minimist-1.2.0.tgz",
      "integrity": "sha1-o1AIsg9BOD7sH7kU9M1d95omQoQ=",
      "dev": true
    },
    "ndjson": {
      "version": "1.5.0",
      "resolved": "https://registry.npm.taobao.org/ndjson/download/ndjson-1.5.0.tgz",
      "integrity": "sha1-rmA7NrE0vOw0e0UkIrC/mNWDLsg=",
      "dev": true,
      "requires": {
        "json-stringify-safe": "^5.0.1",
        "minimist": "^1.2.0",
        "split2": "^2.1.0",
        "through2": "^2.0.3"
      }
    },
    "nid": {
      "version": "0.3.2",
      "resolved": "https://registry.npm.taobao.org/nid/download/nid-0.3.2.tgz",
      "integrity": "sha1-l3qTGO1cKjjt1mJj8+r9gUPyJRo=",
      "dev": true
    },
    "norma": {
      "version": "2.0.2",
      "resolved": "https://registry.npm.taobao.org/norma/download/norma-2.0.2.tgz",
      "integrity": "sha1-3urRo2H3Fm0jWfY8QgLD3zuduaw=",
      "dev": true,
      "requires": {
        "eraro": "^2.0.0",
        "lodash.isarguments": "^3.1.0",
        "lodash.isdate": "^4.0.1",
        "lodash.isnan": "^3.0.2",
        "lodash.isregexp": "^4.0.1"
      }
    },
    "optioner": {
      "version": "4.2.0",
      "resolved": "https://registry.npm.taobao.org/optioner/download/optioner-4.2.0.tgz",
      "integrity": "sha1-eJwnE/2xOuUI7/JdcmfZzOZCw54=",
      "dev": true,
      "requires": {
        "@hapi/hoek": "^8.2.2",
        "@hapi/joi": "^15.1.1"
      }
    },
    "ordu": {
      "version": "0.1.1",
      "resolved": "https://registry.npm.taobao.org/ordu/download/ordu-0.1.1.tgz",
      "integrity": "sha1-nIEJSTaTyvCCmfyoTFlq64YLrqo=",
      "dev": true
    },
    "patrun": {
      "version": "3.0.0",
      "resolved": "https://registry.npm.taobao.org/patrun/download/patrun-3.0.0.tgz",
      "integrity": "sha1-tPWQDs6nG1CiC41OSlrTFgLgrJk=",
      "dev": true,
      "requires": {
        "gex": "^1.0.0"
      }
    },
    "precond": {
      "version": "0.2.3",
      "resolved": "https://registry.npm.taobao.org/precond/download/precond-0.2.3.tgz",
      "integrity": "sha1-qpWRvKokkj8eD0hJ0kD0fvwQdaw=",
      "dev": true
    },
    "process-nextick-args": {
      "version": "2.0.1",
      "resolved": "https://registry.npm.taobao.org/process-nextick-args/download/process-nextick-args-2.0.1.tgz",
      "integrity": "sha1-eCDZsWEgzFXKmud5JoCufbptf+I=",
      "dev": true
    },
    "qs": {
      "version": "6.9.1",
      "resolved": "https://registry.npm.taobao.org/qs/download/qs-6.9.1.tgz?cache=0&sync_timestamp=1573195631718&other_urls=https%3A%2F%2Fregistry.npm.taobao.org%2Fqs%2Fdownload%2Fqs-6.9.1.tgz",
      "integrity": "sha1-IAgsZct4IjY1qxqerKiHWim/jsk=",
      "dev": true
    },
    "readable-stream": {
      "version": "2.3.7",
      "resolved": "https://registry.npm.taobao.org/readable-stream/download/readable-stream-2.3.7.tgz",
      "integrity": "sha1-Hsoc9xGu+BTAT2IlKjamL2yyO1c=",
      "dev": true,
      "requires": {
        "core-util-is": "~1.0.0",
        "inherits": "~2.0.3",
        "isarray": "~1.0.0",
        "process-nextick-args": "~2.0.0",
        "safe-buffer": "~5.1.1",
        "string_decoder": "~1.1.1",
        "util-deprecate": "~1.0.1"
      }
    },
    "reconnect-core": {
      "version": "1.3.0",
      "resolved": "https://registry.npm.taobao.org/reconnect-core/download/reconnect-core-1.3.0.tgz",
      "integrity": "sha1-+65SkZp4d9hE4yRtAaLyZwHIM8g=",
      "dev": true,
      "requires": {
        "backoff": "~2.5.0"
      }
    },
    "rolling-stats": {
      "version": "0.1.1",
      "resolved": "https://registry.npm.taobao.org/rolling-stats/download/rolling-stats-0.1.1.tgz",
      "integrity": "sha1-zVr3dKiJOzCmdIMvovSrqkeM/IA=",
      "dev": true
    },
    "safe-buffer": {
      "version": "5.1.2",
      "resolved": "https://registry.npm.taobao.org/safe-buffer/download/safe-buffer-5.1.2.tgz",
      "integrity": "sha1-mR7GnSluAxN0fVm9/St0XDX4go0=",
      "dev": true
    },
    "seneca": {
      "version": "3.18.0",
      "resolved": "https://registry.npm.taobao.org/seneca/download/seneca-3.18.0.tgz",
      "integrity": "sha1-pn1ql/DPxUNN0uV+WInB16sFLEE=",
      "dev": true,
      "requires": {
        "@hapi/joi": "^15.1.1",
        "@hapi/wreck": "^17.0.0",
        "eraro": "^2.1.0",
        "fast-safe-stringify": "^2.0.7",
        "gate-executor": "^2.1.0",
        "gex": "^1.0.0",
        "jsonic": "^0.3.1",
        "lodash": "^4.17.15",
        "minimist": "^1.2.0",
        "nid": "^0.3.2",
        "norma": "^2.0.2",
        "optioner": "^4.2.0",
        "ordu": "^0.1.1",
        "patrun": "^3.0.0",
        "qs": "^6.9.1",
        "rolling-stats": "^0.1.1",
        "seneca-transport": "^5.0.1",
        "use-plugin": "^6.0.2"
      }
    },
    "seneca-transport": {
      "version": "5.0.1",
      "resolved": "https://registry.npm.taobao.org/seneca-transport/download/seneca-transport-5.0.1.tgz",
      "integrity": "sha1-zdo8iP9Xaod7hjT/1XbXg6sHTK8=",
      "dev": true,
      "requires": {
        "@hapi/wreck": "^15.0.2",
        "eraro": "^2.0.0",
        "gex": "^1.0.0",
        "jsonic": "^0.3.1",
        "lodash.foreach": "^4.5.0",
        "lodash.omit": "^4.5.0",
        "lru-cache": "^5.1.1",
        "ndjson": "^1.5.0",
        "nid": "^0.3.2",
        "patrun": "^2.1.0",
        "qs": "^6.9.1",
        "reconnect-core": "^1.3.0"
      },
      "dependencies": {
        "@hapi/boom": {
          "version": "7.4.11",
          "resolved": "https://registry.npm.taobao.org/@hapi/boom/download/@hapi/boom-7.4.11.tgz",
          "integrity": "sha1-N6+EF+uUFq7zNnqmD6BKGp8fwmI=",
          "dev": true,
          "requires": {
            "@hapi/hoek": "8.x.x"
          }
        },
        "@hapi/wreck": {
          "version": "15.1.0",
          "resolved": "https://registry.npm.taobao.org/@hapi/wreck/download/@hapi/wreck-15.1.0.tgz",
          "integrity": "sha1-eRfNJZUM6bAj9/0r6m4u9yxx5Z0=",
          "dev": true,
          "requires": {
            "@hapi/boom": "7.x.x",
            "@hapi/bourne": "1.x.x",
            "@hapi/hoek": "8.x.x"
          }
        },
        "patrun": {
          "version": "2.1.0",
          "resolved": "https://registry.npm.taobao.org/patrun/download/patrun-2.1.0.tgz",
          "integrity": "sha1-HmP1t3AoeTmCsRaPld6buRLy23U=",
          "dev": true,
          "requires": {
            "gex": "^1.0.0"
          }
        }
      }
    },
    "split2": {
      "version": "2.2.0",
      "resolved": "https://registry.npm.taobao.org/split2/download/split2-2.2.0.tgz",
      "integrity": "sha1-GGsldbz4PoW30YRldWI47k7kJJM=",
      "dev": true,
      "requires": {
        "through2": "^2.0.2"
      }
    },
    "string_decoder": {
      "version": "1.1.1",
      "resolved": "https://registry.npm.taobao.org/string_decoder/download/string_decoder-1.1.1.tgz",
      "integrity": "sha1-nPFhG6YmhdcDCunkujQUnDrwP8g=",
      "dev": true,
      "requires": {
        "safe-buffer": "~5.1.0"
      }
    },
    "through2": {
      "version": "2.0.5",
      "resolved": "https://registry.npm.taobao.org/through2/download/through2-2.0.5.tgz",
      "integrity": "sha1-AcHjnrMdB8t9A6lqcIIyYLIxMs0=",
      "dev": true,
      "requires": {
        "readable-stream": "~2.3.6",
        "xtend": "~4.0.1"
      }
    },
    "use-plugin": {
      "version": "6.0.2",
      "resolved": "https://registry.npm.taobao.org/use-plugin/download/use-plugin-6.0.2.tgz",
      "integrity": "sha1-kCtVGA6G7KDyUMc2zGYqQBeRouU=",
      "dev": true,
      "requires": {
        "eraro": "^2.0.0",
        "nid": "^0.3.2",
        "norma": "^2.0.2",
        "optioner": "^4.2.0"
      }
    },
    "util-deprecate": {
      "version": "1.0.2",
      "resolved": "https://registry.npm.taobao.org/util-deprecate/download/util-deprecate-1.0.2.tgz",
      "integrity": "sha1-RQ1Nyfpw3nMnYvvS1KKJgUGaDM8=",
      "dev": true
    },
    "xtend": {
      "version": "4.0.2",
      "resolved": "https://registry.npm.taobao.org/xtend/download/xtend-4.0.2.tgz",
      "integrity": "sha1-u3J3n1+kZRhrH0OPZ0+jR/2121Q=",
      "dev": true
    },
    "yallist": {
      "version": "3.1.1",
      "resolved": "https://registry.npm.taobao.org/yallist/download/yallist-3.1.1.tgz?cache=0&other_urls=https%3A%2F%2Fregistry.npm.taobao.org%2Fyallist%2Fdownload%2Fyallist-3.1.1.tgz",
      "integrity": "sha1-27fa+b/YusmrRev2ArjLrQ1dCP0=",
      "dev": true
    }
  }
}
